// !$*UTF8*$!
{
	archiveVersion = 1;
	classes = {
	};
	objectVersion = 56;
	objects = {

/* Begin PBXBuildFile section */
		FC7A961A2A7A613700883746 /* MoonShot_AppApp.swift in Sources */ = {isa = PBXBuildFile; fileRef = FC7A96192A7A613700883746 /* MoonShot_AppApp.swift */; };
		FC7A961C2A7A613700883746 /* ContentView.swift in Sources */ = {isa = PBXBuildFile; fileRef = FC7A961B2A7A613700883746 /* ContentView.swift */; };
		FC7A961E2A7A613900883746 /* Assets.xcassets in Resources */ = {isa = PBXBuildFile; fileRef = FC7A961D2A7A613900883746 /* Assets.xcassets */; };
		FC7A96212A7A613900883746 /* Preview Assets.xcassets in Resources */ = {isa = PBXBuildFile; fileRef = FC7A96202A7A613900883746 /* Preview Assets.xcassets */; };
		FC7A96282A7A61A300883746 /* MissionView.swift in Sources */ = {isa = PBXBuildFile; fileRef = FC7A96272A7A61A300883746 /* MissionView.swift */; };
		FC7A962C2A7A61E400883746 /* Color-Theme.swift in Sources */ = {isa = PBXBuildFile; fileRef = FC7A962B2A7A61E400883746 /* Color-Theme.swift */; };
		FC7A962E2A7A61FB00883746 /* Astronaut.swift in Sources */ = {isa = PBXBuildFile; fileRef = FC7A962D2A7A61FB00883746 /* Astronaut.swift */; };
		FC7A96302A7A620B00883746 /* Mission.swift in Sources */ = {isa = PBXBuildFile; fileRef = FC7A962F2A7A620B00883746 /* Mission.swift */; };
		FC7A96342A7A628100883746 /* astronauts.json in Resources */ = {isa = PBXBuildFile; fileRef = FC7A96332A7A628100883746 /* astronauts.json */; };
		FC7A96362A7A628900883746 /* missions.json in Resources */ = {isa = PBXBuildFile; fileRef = FC7A96352A7A628900883746 /* missions.json */; };
		FC9738E52A7B954A004A630C /* Bundle-Decodable.swift in Sources */ = {isa = PBXBuildFile; fileRef = FC9738E42A7B954A004A630C /* Bundle-Decodable.swift */; };
		FC9738E72A7B958A004A630C /* AstronautView.swift in Sources */ = {isa = PBXBuildFile; fileRef = FC9738E62A7B958A004A630C /* AstronautView.swift */; };
/* End PBXBuildFile section */

/* Begin PBXFileReference section */
		FC7A96162A7A613700883746 /* MoonShot App.app */ = {isa = PBXFileReference; explicitFileType = wrapper.application; includeInIndex = 0; path = "MoonShot App.app"; sourceTree = BUILT_PRODUCTS_DIR; };
		FC7A96192A7A613700883746 /* MoonShot_AppApp.swift */ = {isa = PBXFileReference; lastKnownFileType = sourcecode.swift; path = MoonShot_AppApp.swift; sourceTree = "<group>"; };
		FC7A961B2A7A613700883746 /* ContentView.swift */ = {isa = PBXFileReference; lastKnownFileType = sourcecode.swift; path = ContentView.swift; sourceTree = "<group>"; };
		FC7A961D2A7A613900883746 /* Assets.xcassets */ = {isa = PBXFileReference; lastKnownFileType = folder.assetcatalog; path = Assets.xcassets; sourceTree = "<group>"; };
		FC7A96202A7A613900883746 /* Preview Assets.xcassets */ = {isa = PBXFileReference; lastKnownFileType = folder.assetcatalog; path = "Preview Assets.xcassets"; sourceTree = "<group>"; };
		FC7A96272A7A61A300883746 /* MissionView.swift */ = {isa = PBXFileReference; lastKnownFileType = sourcecode.swift; path = MissionView.swift; sourceTree = "<group>"; };
		FC7A962B2A7A61E400883746 /* Color-Theme.swift */ = {isa = PBXFileReference; lastKnownFileType = sourcecode.swift; path = "Color-Theme.swift"; sourceTree = "<group>"; };
		FC7A962D2A7A61FB00883746 /* Astronaut.swift */ = {isa = PBXFileReference; lastKnownFileType = sourcecode.swift; path = Astronaut.swift; sourceTree = "<group>"; };
		FC7A962F2A7A620B00883746 /* Mission.swift */ = {isa = PBXFileReference; lastKnownFileType = sourcecode.swift; path = Mission.swift; sourceTree = "<group>"; };
		FC7A96332A7A628100883746 /* astronauts.json */ = {isa = PBXFileReference; fileEncoding = 4; lastKnownFileType = text.json; path = astronauts.json; sourceTree = "<group>"; };
		FC7A96352A7A628900883746 /* missions.json */ = {isa = PBXFileReference; fileEncoding = 4; lastKnownFileType = text.json; path = missions.json; sourceTree = "<group>"; };
		FC9738E42A7B954A004A630C /* Bundle-Decodable.swift */ = {isa = PBXFileReference; lastKnownFileType = sourcecode.swift; path = "Bundle-Decodable.swift"; sourceTree = "<group>"; };
		FC9738E62A7B958A004A630C /* AstronautView.swift */ = {isa = PBXFileReference; lastKnownFileType = sourcecode.swift; path = AstronautView.swift; sourceTree = "<group>"; };
/* End PBXFileReference section */

/* Begin PBXFrameworksBuildPhase section */
		FC7A96132A7A613700883746 /* Frameworks */ = {
			isa = PBXFrameworksBuildPhase;
			buildActionMask = 2147483647;
			files = (
			);
			runOnlyForDeploymentPostprocessing = 0;
		};
/* End PBXFrameworksBuildPhase section */

/* Begin PBXGroup section */
		FC7A960D2A7A613700883746 = {
			isa = PBXGroup;
			children = (
				FC7A96182A7A613700883746 /* MoonShot App */,
				FC7A96172A7A613700883746 /* Products */,
			);
			sourceTree = "<group>";
		};
		FC7A96172A7A613700883746 /* Products */ = {
			isa = PBXGroup;
			children = (
				FC7A96162A7A613700883746 /* MoonShot App.app */,
			);
			name = Products;
			sourceTree = "<group>";
		};
		FC7A96182A7A613700883746 /* MoonShot App */ = {
			isa = PBXGroup;
			children = (
				FC7A96192A7A613700883746 /* MoonShot_AppApp.swift */,
				FC7A961B2A7A613700883746 /* ContentView.swift */,
				FC7A96272A7A61A300883746 /* MissionView.swift */,
				FC7A962B2A7A61E400883746 /* Color-Theme.swift */,
				FC7A962D2A7A61FB00883746 /* Astronaut.swift */,
				FC7A962F2A7A620B00883746 /* Mission.swift */,
				FC9738E42A7B954A004A630C /* Bundle-Decodable.swift */,
				FC9738E62A7B958A004A630C /* AstronautView.swift */,
				FC7A96352A7A628900883746 /* missions.json */,
				FC7A96332A7A628100883746 /* astronauts.json */,
				FC7A961D2A7A613900883746 /* Assets.xcassets */,
				FC7A961F2A7A613900883746 /* Preview Content */,
			);
			path = "MoonShot App";
			sourceTree = "<group>";
		};
		FC7A961F2A7A613900883746 /* Preview Content */ = {
			isa = PBXGroup;
			children = (
				FC7A96202A7A613900883746 /* Preview Assets.xcassets */,
			);
			path = "Preview Content";
			sourceTree = "<group>";
		};
/* End PBXGroup section */

/* Begin PBXNativeTarget section */
		FC7A96152A7A613700883746 /* MoonShot App */ = {
			isa = PBXNativeTarget;
			buildConfigurationList = FC7A96242A7A613900883746 /* Build configuration list for PBXNativeTarget "MoonShot App" */;
			buildPhases = (
				FC7A96122A7A613700883746 /* Sources */,
				FC7A96132A7A613700883746 /* Frameworks */,
				FC7A96142A7A613700883746 /* Resources */,
			);
			buildRules = (
			);
			dependencies = (
			);
			name = "MoonShot App";
			productName = "MoonShot App";
			productReference = FC7A96162A7A613700883746 /* MoonShot App.app */;
			productType = "com.apple.product-type.application";
		};
/* End PBXNativeTarget section */

/* Begin PBXProject section */
		FC7A960E2A7A613700883746 /* Project object */ = {
			isa = PBXProject;
			attributes = {
				BuildIndependentTargetsInParallel = 1;
				LastSwiftUpdateCheck = 1430;
				LastUpgradeCheck = 1430;
				TargetAttributes = {
					FC7A96152A7A613700883746 = {
						CreatedOnToolsVersion = 14.3.1;
					};
				};
			};
			buildConfigurationList = FC7A96112A7A613700883746 /* Build configuration list for PBXProject "MoonShot App" */;
			compatibilityVersion = "Xcode 14.0";
			developmentRegion = en;
			hasScannedForEncodings = 0;
			knownRegions = (
				en,
				Base,
			);
			mainGroup = FC7A960D2A7A613700883746;
			productRefGroup = FC7A96172A7A613700883746 /* Products */;
			projectDirPath = "";
			projectRoot = "";
			targets = (
				FC7A96152A7A613700883746 /* MoonShot App */,
			);
		};
/* End PBXProject section */

/* Begin PBXResourcesBuildPhase section */
		FC7A96142A7A613700883746 /* Resources */ = {
			isa = PBXResourcesBuildPhase;
			buildActionMask = 2147483647;
			files = (
				FC7A96342A7A628100883746 /* astronauts.json in Resources */,
				FC7A96212A7A613900883746 /* Preview Assets.xcassets in Resources */,
				FC7A96362A7A628900883746 /* missions.json in Resources */,
				FC7A961E2A7A613900883746 /* Assets.xcassets in Resources */,
			);
			runOnlyForDeploymentPostprocessing = 0;
		};
/* End PBXResourcesBuildPhase section */

/* Begin PBXSourcesBuildPhase section */
		FC7A96122A7A613700883746 /* Sources */ = {
			isa = PBXSourcesBuildPhase;
			buildActionMask = 2147483647;
			files = (
				FC7A961C2A7A613700883746 /* ContentView.swift in Sources */,
				FC7A961A2A7A613700883746 /* MoonShot_AppApp.swift in Sources */,
				FC9738E72A7B958A004A630C /* AstronautView.swift in Sources */,
				FC7A962E2A7A61FB00883746 /* Astronaut.swift in Sources */,
				FC7A96282A7A61A300883746 /* MissionView.swift in Sources */,
				FC7A96302A7A620B00883746 /* Mission.swift in Sources */,
				FC9738E52A7B954A004A630C /* Bundle-Decodable.swift in Sources */,
				FC7A962C2A7A61E400883746 /* Color-Theme.swift in Sources */,
			);
			runOnlyForDeploymentPostprocessing = 0;
		};
/* End PBXSourcesBuildPhase section */

/* Begin XCBuildConfiguration section */
		FC7A96222A7A613900883746 /* Debug */ = {
			isa = XCBuildConfiguration;
			buildSettings = {
				ALWAYS_SEARCH_USER_PATHS = NO;
				CLANG_ANALYZER_NONNULL = YES;
				CLANG_ANALYZER_NUMBER_OBJECT_CONVERSION = YES_AGGRESSIVE;
				CLANG_CXX_LANGUAGE_STANDARD = "gnu++20";
				CLANG_ENABLE_MODULES = YES;
				CLANG_ENABLE_OBJC_ARC = YES;
				CLANG_ENABLE_OBJC_WEAK = YES;
				CLANG_WARN_BLOCK_CAPTURE_AUTORELEASING = YES;
				CLANG_WARN_BOOL_CONVERSION = YES;
				CLANG_WARN_COMMA = YES;
				CLANG_WARN_CONSTANT_CONVERSION = YES;
				CLANG_WARN_DEPRECATED_OBJC_IMPLEMENTATIONS = YES;
				CLANG_WARN_DIRECT_OBJC_ISA_USAGE = YES_ERROR;
				CLANG_WARN_DOCUMENTATION_COMMENTS = YES;
				CLANG_WARN_EMPTY_BODY = YES;
				CLANG_WARN_ENUM_CONVERSION = YES;
				CLANG_WARN_INFINITE_RECURSION = YES;
				CLANG_WARN_INT_CONVERSION = YES;
				CLANG_WARN_NON_LITERAL_NULL_CONVERSION = YES;
				CLANG_WARN_OBJC_IMPLICIT_RETAIN_SELF = YES;
				CLANG_WARN_OBJC_LITERAL_CONVERSION = YES;
				CLANG_WARN_OBJC_ROOT_CLASS = YES_ERROR;
				CLANG_WARN_QUOTED_INCLUDE_IN_FRAMEWORK_HEADER = YES;
				CLANG_WARN_RANGE_LOOP_ANALYSIS = YES;
				CLANG_WARN_STRICT_PROTOTYPES = YES;
				CLANG_WARN_SUSPICIOUS_MOVE = YES;
				CLANG_WARN_UNGUARDED_AVAILABILITY = YES_AGGRESSIVE;
				CLANG_WARN_UNREACHABLE_CODE = YES;
				CLANG_WARN__DUPLICATE_METHOD_MATCH = YES;
				COPY_PHASE_STRIP = NO;
				DEBUG_INFORMATION_FORMAT = dwarf;
				ENABLE_STRICT_OBJC_MSGSEND = YES;
				ENABLE_TESTABILITY = YES;
				GCC_C_LANGUAGE_STANDARD = gnu11;
				GCC_DYNAMIC_NO_PIC = NO;
				GCC_NO_COMMON_BLOCKS = YES;
				GCC_OPTIMIZATION_LEVEL = 0;
				GCC_PREPROCESSOR_DEFINITIONS = (
					"DEBUG=1",
					"$(inherited)",
				);
				GCC_WARN_64_TO_32_BIT_CONVERSION = YES;
				GCC_WARN_ABOUT_RETURN_TYPE = YES_ERROR;
				GCC_WARN_UNDECLARED_SELECTOR = YES;
				GCC_WARN_UNINITIALIZED_AUTOS = YES_AGGRESSIVE;
				GCC_WARN_UNUSED_FUNCTION = YES;
				GCC_WARN_UNUSED_VARIABLE = YES;
				IPHONEOS_DEPLOYMENT_TARGET = 16.4;
				MTL_ENABLE_DEBUG_INFO = INCLUDE_SOURCE;
				MTL_FAST_MATH = YES;
				ONLY_ACTIVE_ARCH = YES;
				SDKROOT = iphoneos;
				SWIFT_ACTIVE_COMPILATION_CONDITIONS = DEBUG;
				SWIFT_OPTIMIZATION_LEVEL = "-Onone";
			};
			name = Debug;
		};
		FC7A96232A7A613900883746 /* Release */ = {
			isa = XCBuildConfiguration;
			buildSettings = {
				ALWAYS_SEARCH_USER_PATHS = NO;
				CLANG_ANALYZER_NONNULL = YES;
				CLANG_ANALYZER_NUMBER_OBJECT_CONVERSION = YES_AGGRESSIVE;
				CLANG_CXX_LANGUAGE_STANDARD = "gnu++20";
				CLANG_ENABLE_MODULES = YES;
				CLANG_ENABLE_OBJC_ARC = YES;
				CLANG_ENABLE_OBJC_WEAK = YES;
				CLANG_WARN_BLOCK_CAPTURE_AUTORELEASING = YES;
				CLANG_WARN_BOOL_CONVERSION = YES;
				CLANG_WARN_COMMA = YES;
				CLANG_WARN_CONSTANT_CONVERSION = YES;
				CLANG_WARN_DEPRECATED_OBJC_IMPLEMENTATIONS = YES;
				CLANG_WARN_DIRECT_OBJC_ISA_USAGE = YES_ERROR;
				CLANG_WARN_DOCUMENTATION_COMMENTS = YES;
				CLANG_WARN_EMPTY_BODY = YES;
				CLANG_WARN_ENUM_CONVERSION = YES;
				CLANG_WARN_INFINITE_RECURSION = YES;
				CLANG_WARN_INT_CONVERSION = YES;
				CLANG_WARN_NON_LITERAL_NULL_CONVERSION = YES;
				CLANG_WARN_OBJC_IMPLICIT_RETAIN_SELF = YES;
				CLANG_WARN_OBJC_LITERAL_CONVERSION = YES;
				CLANG_WARN_OBJC_ROOT_CLASS = YES_ERROR;
				CLANG_WARN_QUOTED_INCLUDE_IN_FRAMEWORK_HEADER = YES;
				CLANG_WARN_RANGE_LOOP_ANALYSIS = YES;
				CLANG_WARN_STRICT_PROTOTYPES = YES;
				CLANG_WARN_SUSPICIOUS_MOVE = YES;
				CLANG_WARN_UNGUARDED_AVAILABILITY = YES_AGGRESSIVE;
				CLANG_WARN_UNREACHABLE_CODE = YES;
				CLANG_WARN__DUPLICATE_METHOD_MATCH = YES;
				COPY_PHASE_STRIP = NO;
				DEBUG_INFORMATION_FORMAT = "dwarf-with-dsym";
				ENABLE_NS_ASSERTIONS = NO;
				ENABLE_STRICT_OBJC_MSGSEND = YES;
				GCC_C_LANGUAGE_STANDARD = gnu11;
				GCC_NO_COMMON_BLOCKS = YES;
				GCC_WARN_64_TO_32_BIT_CONVERSION = YES;
				GCC_WARN_ABOUT_RETURN_TYPE = YES_ERROR;
				GCC_WARN_UNDECLARED_SELECTOR = YES;
				GCC_WARN_UNINITIALIZED_AUTOS = YES_AGGRESSIVE;
				GCC_WARN_UNUSED_FUNCTION = YES;
				GCC_WARN_UNUSED_VARIABLE = YES;
				IPHONEOS_DEPLOYMENT_TARGET = 16.4;
				MTL_ENABLE_DEBUG_INFO = NO;
				MTL_FAST_MATH = YES;
				SDKROOT = iphoneos;
				SWIFT_COMPILATION_MODE = wholemodule;
				SWIFT_OPTIMIZATION_LEVEL = "-O";
				VALIDATE_PRODUCT = YES;
			};
			name = Release;
		};
		FC7A96252A7A613900883746 /* Debug */ = {
			isa = XCBuildConfiguration;
			buildSettings = {
				ASSETCATALOG_COMPILER_APPICON_NAME = AppIcon;
				ASSETCATALOG_COMPILER_GLOBAL_ACCENT_COLOR_NAME = AccentColor;
				CODE_SIGN_STYLE = Automatic;
				CURRENT_PROJECT_VERSION = 1;
				DEVELOPMENT_ASSET_PATHS = "\"MoonShot App/Preview Content\"";
				ENABLE_PREVIEWS = YES;
				GENERATE_INFOPLIST_FILE = YES;
				INFOPLIST_KEY_UIApplicationSceneManifest_Generation = YES;
				INFOPLIST_KEY_UIApplicationSupportsIndirectInputEvents = YES;
				INFOPLIST_KEY_UILaunchScreen_Generation = YES;
				INFOPLIST_KEY_UISupportedInterfaceOrientations_iPad = "UIInterfaceOrientationPortrait UIInterfaceOrientationPortraitUpsideDown UIInterfaceOrientationLandscapeLeft UIInterfaceOrientationLandscapeRight";
				INFOPLIST_KEY_UISupportedInterfaceOrientations_iPhone = "UIInterfaceOrientationPortrait UIInterfaceOrientationLandscapeLeft UIInterfaceOrientationLandscapeRight";
				LD_RUNPATH_SEARCH_PATHS = (
					"$(inherited)",
					"@executable_path/Frameworks",
				);
				MARKETING_VERSION = 1.0;
				PRODUCT_BUNDLE_IDENTIFIER = "com.test.testapp.MoonShot-App";
				PRODUCT_NAME = "$(TARGET_NAME)";
				SWIFT_EMIT_LOC_STRINGS = YES;
				SWIFT_VERSION = 5.0;
				TARGETED_DEVICE_FAMILY = "1,2";
			};
			name = Debug;
		};
		FC7A96262A7A613900883746 /* Release */ = {
			isa = XCBuildConfiguration;
			buildSettings = {
				ASSETCATALOG_COMPILER_APPICON_NAME = AppIcon;
				ASSETCATALOG_COMPILER_GLOBAL_ACCENT_COLOR_NAME = AccentColor;
				CODE_SIGN_STYLE = Automatic;
				CURRENT_PROJECT_VERSION = 1;
				DEVELOPMENT_ASSET_PATHS = "\"MoonShot App/Preview Content\"";
				ENABLE_PREVIEWS = YES;
				GENERATE_INFOPLIST_FILE = YES;
				INFOPLIST_KEY_UIApplicationSceneManifest_Generation = YES;
				INFOPLIST_KEY_UIApplicationSupportsIndirectInputEvents = YES;
				INFOPLIST_KEY_UILaunchScreen_Generation = YES;
				INFOPLIST_KEY_UISupportedInterfaceOrientations_iPad = "UIInterfaceOrientationPortrait UIInterfaceOrientationPortraitUpsideDown UIInterfaceOrientationLandscapeLeft UIInterfaceOrientationLandscapeRight";
				INFOPLIST_KEY_UISupportedInterfaceOrientations_iPhone = "UIInterfaceOrientationPortrait UIInterfaceOrientationLandscapeLeft UIInterfaceOrientationLandscapeRight";
				LD_RUNPATH_SEARCH_PATHS = (
					"$(inherited)",
					"@executable_path/Frameworks",
				);
				MARKETING_VERSION = 1.0;
				PRODUCT_BUNDLE_IDENTIFIER = "com.test.testapp.MoonShot-App";
				PRODUCT_NAME = "$(TARGET_NAME)";
				SWIFT_EMIT_LOC_STRINGS = YES;
				SWIFT_VERSION = 5.0;
				TARGETED_DEVICE_FAMILY = "1,2";
			};
			name = Release;
		};
/* End XCBuildConfiguration section */

/* Begin XCConfigurationList section */
		FC7A96112A7A613700883746 /* Build configuration list for PBXProject "MoonShot App" */ = {
			isa = XCConfigurationList;
			buildConfigurations = (
				FC7A96222A7A613900883746 /* Debug */,
				FC7A96232A7A613900883746 /* Release */,
			);
			defaultConfigurationIsVisible = 0;
			defaultConfigurationName = Release;
		};
		FC7A96242A7A613900883746 /* Build configuration list for PBXNativeTarget "MoonShot App" */ = {
			isa = XCConfigurationList;
			buildConfigurations = (
				FC7A96252A7A613900883746 /* Debug */,
				FC7A96262A7A613900883746 /* Release */,
			);
			defaultConfigurationIsVisible = 0;
			defaultConfigurationName = Release;
		};
/* End XCConfigurationList section */
	};
	rootObject = FC7A960E2A7A613700883746 /* Project object */;
}
